
Microsoft Visual Studio Solution File, Format Version 12.00
# Visual Studio Version 16
VisualStudioVersion = 16.0.34931.43
MinimumVisualStudioVersion = 10.0.40219.1
Project("{FAE04EC0-301F-11D3-BF4B-00C04F79EFBC}") = "program4", "program4.csproj", "{16EB9C84-A759-4C3F-B9FE-0597EAC4CD6D}"
EndProject
Global
	GlobalSection(SolutionConfigurationPlatforms) = preSolution
		Debug|Any CPU = Debug|Any CPU
		Release|Any CPU = Release|Any CPU
	EndGlobalSection
	GlobalSection(ProjectConfigurationPlatforms) = postSolution
		{16EB9C84-A759-4C3F-B9FE-0597EAC4CD6D}.Debug|Any CPU.ActiveCfg = Debug|Any CPU
		{16EB9C84-A759-4C3F-B9FE-0597EAC4CD6D}.Debug|Any CPU.Build.0 = Debug|Any CPU
		{16EB9C84-A759-4C3F-B9FE-0597EAC4CD6D}.Release|Any CPU.ActiveCfg = Release|Any CPU
		{16EB9C84-A759-4C3F-B9FE-0597EAC4CD6D}.Release|Any CPU.Build.0 = Release|Any CPU
	EndGlobalSection
	GlobalSection(SolutionProperties) = preSolution
		HideSolutionNode = FALSE
	EndGlobalSection
	GlobalSection(ExtensibilityGlobals) = postSolution
		SolutionGuid = {58316F21-3672-44E3-8298-17B1D2B9F9A2}
	EndGlobalSection
EndGlobal
