
Microsoft Visual Studio Solution File, Format Version 12.00
# Visual Studio Version 16
VisualStudioVersion = 16.0.34931.43
MinimumVisualStudioVersion = 10.0.40219.1
Project("{FAE04EC0-301F-11D3-BF4B-00C04F79EFBC}") = "Wordlength", "Wordlength.csproj", "{9C4B95B5-D376-426D-964E-95559ED8E312}"
EndProject
Global
	GlobalSection(SolutionConfigurationPlatforms) = preSolution
		Debug|Any CPU = Debug|Any CPU
		Release|Any CPU = Release|Any CPU
	EndGlobalSection
	GlobalSection(ProjectConfigurationPlatforms) = postSolution
		{9C4B95B5-D376-426D-964E-95559ED8E312}.Debug|Any CPU.ActiveCfg = Debug|Any CPU
		{9C4B95B5-D376-426D-964E-95559ED8E312}.Debug|Any CPU.Build.0 = Debug|Any CPU
		{9C4B95B5-D376-426D-964E-95559ED8E312}.Release|Any CPU.ActiveCfg = Release|Any CPU
		{9C4B95B5-D376-426D-964E-95559ED8E312}.Release|Any CPU.Build.0 = Release|Any CPU
	EndGlobalSection
	GlobalSection(SolutionProperties) = preSolution
		HideSolutionNode = FALSE
	EndGlobalSection
	GlobalSection(ExtensibilityGlobals) = postSolution
		SolutionGuid = {E4B2DA85-6735-48C2-BF38-92928DD53917}
	EndGlobalSection
EndGlobal
