
Microsoft Visual Studio Solution File, Format Version 12.00
# Visual Studio Version 16
VisualStudioVersion = 16.0.34931.43
MinimumVisualStudioVersion = 10.0.40219.1
Project("{FAE04EC0-301F-11D3-BF4B-00C04F79EFBC}") = "AbstractFactoryPattern", "AbstractFactoryPattern\AbstractFactoryPattern.csproj", "{9042BACA-33F3-4821-96F5-D7B5642B6F87}"
EndProject
Global
	GlobalSection(SolutionConfigurationPlatforms) = preSolution
		Debug|Any CPU = Debug|Any CPU
		Release|Any CPU = Release|Any CPU
	EndGlobalSection
	GlobalSection(ProjectConfigurationPlatforms) = postSolution
		{9042BACA-33F3-4821-96F5-D7B5642B6F87}.Debug|Any CPU.ActiveCfg = Debug|Any CPU
		{9042BACA-33F3-4821-96F5-D7B5642B6F87}.Debug|Any CPU.Build.0 = Debug|Any CPU
		{9042BACA-33F3-4821-96F5-D7B5642B6F87}.Release|Any CPU.ActiveCfg = Release|Any CPU
		{9042BACA-33F3-4821-96F5-D7B5642B6F87}.Release|Any CPU.Build.0 = Release|Any CPU
	EndGlobalSection
	GlobalSection(SolutionProperties) = preSolution
		HideSolutionNode = FALSE
	EndGlobalSection
	GlobalSection(ExtensibilityGlobals) = postSolution
		SolutionGuid = {6C69785F-81E9-4B97-9442-C7C1E04FFD38}
	EndGlobalSection
EndGlobal
