
Microsoft Visual Studio Solution File, Format Version 12.00
# Visual Studio Version 16
VisualStudioVersion = 16.0.34931.43
MinimumVisualStudioVersion = 10.0.40219.1
Project("{FAE04EC0-301F-11D3-BF4B-00C04F79EFBC}") = "ConsoleApp1", "ConsoleApp1\ConsoleApp1.csproj", "{AA872E2C-7BF7-4FCB-BCF6-63D3C5C60543}"
EndProject
Global
	GlobalSection(SolutionConfigurationPlatforms) = preSolution
		Debug|Any CPU = Debug|Any CPU
		Release|Any CPU = Release|Any CPU
	EndGlobalSection
	GlobalSection(ProjectConfigurationPlatforms) = postSolution
		{AA872E2C-7BF7-4FCB-BCF6-63D3C5C60543}.Debug|Any CPU.ActiveCfg = Debug|Any CPU
		{AA872E2C-7BF7-4FCB-BCF6-63D3C5C60543}.Debug|Any CPU.Build.0 = Debug|Any CPU
		{AA872E2C-7BF7-4FCB-BCF6-63D3C5C60543}.Release|Any CPU.ActiveCfg = Release|Any CPU
		{AA872E2C-7BF7-4FCB-BCF6-63D3C5C60543}.Release|Any CPU.Build.0 = Release|Any CPU
	EndGlobalSection
	GlobalSection(SolutionProperties) = preSolution
		HideSolutionNode = FALSE
	EndGlobalSection
	GlobalSection(ExtensibilityGlobals) = postSolution
		SolutionGuid = {5E31F249-7E25-4AB2-B9E1-3E3FFB7E84B3}
	EndGlobalSection
EndGlobal
