
Microsoft Visual Studio Solution File, Format Version 12.00
# Visual Studio Version 16
VisualStudioVersion = 16.0.34931.43
MinimumVisualStudioVersion = 10.0.40219.1
Project("{FAE04EC0-301F-11D3-BF4B-00C04F79EFBC}") = "Linq_to_datatable", "Linq_to_datatable\Linq_to_datatable.csproj", "{0A9C7C3B-8EBC-49C3-8AE5-9B88ED3F2BA5}"
EndProject
Global
	GlobalSection(SolutionConfigurationPlatforms) = preSolution
		Debug|Any CPU = Debug|Any CPU
		Release|Any CPU = Release|Any CPU
	EndGlobalSection
	GlobalSection(ProjectConfigurationPlatforms) = postSolution
		{0A9C7C3B-8EBC-49C3-8AE5-9B88ED3F2BA5}.Debug|Any CPU.ActiveCfg = Debug|Any CPU
		{0A9C7C3B-8EBC-49C3-8AE5-9B88ED3F2BA5}.Debug|Any CPU.Build.0 = Debug|Any CPU
		{0A9C7C3B-8EBC-49C3-8AE5-9B88ED3F2BA5}.Release|Any CPU.ActiveCfg = Release|Any CPU
		{0A9C7C3B-8EBC-49C3-8AE5-9B88ED3F2BA5}.Release|Any CPU.Build.0 = Release|Any CPU
	EndGlobalSection
	GlobalSection(SolutionProperties) = preSolution
		HideSolutionNode = FALSE
	EndGlobalSection
	GlobalSection(ExtensibilityGlobals) = postSolution
		SolutionGuid = {02B4514F-B75A-4AE6-A3FE-9CE47B23F468}
	EndGlobalSection
EndGlobal
