
Microsoft Visual Studio Solution File, Format Version 12.00
# Visual Studio Version 16
VisualStudioVersion = 16.0.34931.43
MinimumVisualStudioVersion = 10.0.40219.1
Project("{FAE04EC0-301F-11D3-BF4B-00C04F79EFBC}") = "Arraycopy", "Arraycopy.csproj", "{FCD123B3-D06B-43AD-A6A2-663C2E04C608}"
EndProject
Global
	GlobalSection(SolutionConfigurationPlatforms) = preSolution
		Debug|Any CPU = Debug|Any CPU
		Release|Any CPU = Release|Any CPU
	EndGlobalSection
	GlobalSection(ProjectConfigurationPlatforms) = postSolution
		{FCD123B3-D06B-43AD-A6A2-663C2E04C608}.Debug|Any CPU.ActiveCfg = Debug|Any CPU
		{FCD123B3-D06B-43AD-A6A2-663C2E04C608}.Debug|Any CPU.Build.0 = Debug|Any CPU
		{FCD123B3-D06B-43AD-A6A2-663C2E04C608}.Release|Any CPU.ActiveCfg = Release|Any CPU
		{FCD123B3-D06B-43AD-A6A2-663C2E04C608}.Release|Any CPU.Build.0 = Release|Any CPU
	EndGlobalSection
	GlobalSection(SolutionProperties) = preSolution
		HideSolutionNode = FALSE
	EndGlobalSection
	GlobalSection(ExtensibilityGlobals) = postSolution
		SolutionGuid = {A90BD4CB-C401-4486-9DF2-C59DD9C4205A}
	EndGlobalSection
EndGlobal
