
Microsoft Visual Studio Solution File, Format Version 12.00
# Visual Studio Version 16
VisualStudioVersion = 16.0.34931.43
MinimumVisualStudioVersion = 10.0.40219.1
Project("{FAE04EC0-301F-11D3-BF4B-00C04F79EFBC}") = "Arrayoperators", "Arrayoperators.csproj", "{68FE0A79-BBFC-4589-8602-049771FFDF47}"
EndProject
Global
	GlobalSection(SolutionConfigurationPlatforms) = preSolution
		Debug|Any CPU = Debug|Any CPU
		Release|Any CPU = Release|Any CPU
	EndGlobalSection
	GlobalSection(ProjectConfigurationPlatforms) = postSolution
		{68FE0A79-BBFC-4589-8602-049771FFDF47}.Debug|Any CPU.ActiveCfg = Debug|Any CPU
		{68FE0A79-BBFC-4589-8602-049771FFDF47}.Debug|Any CPU.Build.0 = Debug|Any CPU
		{68FE0A79-BBFC-4589-8602-049771FFDF47}.Release|Any CPU.ActiveCfg = Release|Any CPU
		{68FE0A79-BBFC-4589-8602-049771FFDF47}.Release|Any CPU.Build.0 = Release|Any CPU
	EndGlobalSection
	GlobalSection(SolutionProperties) = preSolution
		HideSolutionNode = FALSE
	EndGlobalSection
	GlobalSection(ExtensibilityGlobals) = postSolution
		SolutionGuid = {73188654-C4CE-4FEF-B8E8-F410685EE49A}
	EndGlobalSection
EndGlobal
